// !$*UTF8*$!
{
	archiveVersion = 1;
	classes = {
	};
	objectVersion = 55;
	objects = {

/* Begin PBXBuildFile section */
		4A9FBAF0287DE66400672B4A /* LandmarksApp.swift in Sources */ = {isa = PBXBuildFile; fileRef = 4A9FBAEF287DE66400672B4A /* LandmarksApp.swift */; };
		4A9FBAF2287DE66400672B4A /* ContentView.swift in Sources */ = {isa = PBXBuildFile; fileRef = 4A9FBAF1287DE66400672B4A /* ContentView.swift */; };
		4A9FBAF4287DE66700672B4A /* Assets.xcassets in Resources */ = {isa = PBXBuildFile; fileRef = 4A9FBAF3287DE66700672B4A /* Assets.xcassets */; };
		4A9FBAF7287DE66700672B4A /* Preview Assets.xcassets in Resources */ = {isa = PBXBuildFile; fileRef = 4A9FBAF6287DE66700672B4A /* Preview Assets.xcassets */; };
		4A9FBAFE287DF0A200672B4A /* CircleImage.swift in Sources */ = {isa = PBXBuildFile; fileRef = 4A9FBAFD287DF0A200672B4A /* CircleImage.swift */; };
		4A9FBB00287DF3DE00672B4A /* MapView.swift in Sources */ = {isa = PBXBuildFile; fileRef = 4A9FBAFF287DF3DD00672B4A /* MapView.swift */; };
		4A9FBB02287DF93400672B4A /* landmarkData.json in Resources */ = {isa = PBXBuildFile; fileRef = 4A9FBB01287DF93400672B4A /* landmarkData.json */; };
		4A9FBB04287DF95200672B4A /* Landmark.swift in Sources */ = {isa = PBXBuildFile; fileRef = 4A9FBB03287DF95200672B4A /* Landmark.swift */; };
		4A9FBB06287DFA4A00672B4A /* ModelData.swift in Sources */ = {isa = PBXBuildFile; fileRef = 4A9FBB05287DFA4A00672B4A /* ModelData.swift */; };
		4A9FBB0B287DFF0E00672B4A /* LandmarkRow.swift in Sources */ = {isa = PBXBuildFile; fileRef = 4A9FBB0A287DFF0E00672B4A /* LandmarkRow.swift */; };
		4A9FBB0D287E006500672B4A /* LandmarkList.swift in Sources */ = {isa = PBXBuildFile; fileRef = 4A9FBB0C287E006500672B4A /* LandmarkList.swift */; };
		4A9FBB0F287E01D100672B4A /* LandmarkDetail.swift in Sources */ = {isa = PBXBuildFile; fileRef = 4A9FBB0E287E01D100672B4A /* LandmarkDetail.swift */; };
		4A9FBB11287E0FBA00672B4A /* FavoriteButton.swift in Sources */ = {isa = PBXBuildFile; fileRef = 4A9FBB10287E0FBA00672B4A /* FavoriteButton.swift */; };
		4AEB855228809A5E006F667E /* HexagonParameters.swift in Sources */ = {isa = PBXBuildFile; fileRef = 4AEB855128809A5E006F667E /* HexagonParameters.swift */; };
		4AEB855428809E17006F667E /* BadgeBackground.swift in Sources */ = {isa = PBXBuildFile; fileRef = 4AEB855328809E17006F667E /* BadgeBackground.swift */; };
		4AEB85562880A1DB006F667E /* BadgeSymbol.swift in Sources */ = {isa = PBXBuildFile; fileRef = 4AEB85552880A1DB006F667E /* BadgeSymbol.swift */; };
		4AEB85582880A37E006F667E /* RotatedBadgeSymbol.swift in Sources */ = {isa = PBXBuildFile; fileRef = 4AEB85572880A37E006F667E /* RotatedBadgeSymbol.swift */; };
		4AEB855A2880A3F6006F667E /* Badge.swift in Sources */ = {isa = PBXBuildFile; fileRef = 4AEB85592880A3F6006F667E /* Badge.swift */; };
/* End PBXBuildFile section */

/* Begin PBXFileReference section */
		4A9FBAEC287DE66400672B4A /* Landmarks.app */ = {isa = PBXFileReference; explicitFileType = wrapper.application; includeInIndex = 0; path = Landmarks.app; sourceTree = BUILT_PRODUCTS_DIR; };
		4A9FBAEF287DE66400672B4A /* LandmarksApp.swift */ = {isa = PBXFileReference; lastKnownFileType = sourcecode.swift; path = LandmarksApp.swift; sourceTree = "<group>"; };
		4A9FBAF1287DE66400672B4A /* ContentView.swift */ = {isa = PBXFileReference; lastKnownFileType = sourcecode.swift; path = ContentView.swift; sourceTree = "<group>"; };
		4A9FBAF3287DE66700672B4A /* Assets.xcassets */ = {isa = PBXFileReference; lastKnownFileType = folder.assetcatalog; path = Assets.xcassets; sourceTree = "<group>"; };
		4A9FBAF6287DE66700672B4A /* Preview Assets.xcassets */ = {isa = PBXFileReference; lastKnownFileType = folder.assetcatalog; path = "Preview Assets.xcassets"; sourceTree = "<group>"; };
		4A9FBAFD287DF0A200672B4A /* CircleImage.swift */ = {isa = PBXFileReference; lastKnownFileType = sourcecode.swift; path = CircleImage.swift; sourceTree = "<group>"; };
		4A9FBAFF287DF3DD00672B4A /* MapView.swift */ = {isa = PBXFileReference; lastKnownFileType = sourcecode.swift; path = MapView.swift; sourceTree = "<group>"; };
		4A9FBB01287DF93400672B4A /* landmarkData.json */ = {isa = PBXFileReference; fileEncoding = 4; lastKnownFileType = text.json; path = landmarkData.json; sourceTree = "<group>"; };
		4A9FBB03287DF95200672B4A /* Landmark.swift */ = {isa = PBXFileReference; lastKnownFileType = sourcecode.swift; path = Landmark.swift; sourceTree = "<group>"; };
		4A9FBB05287DFA4A00672B4A /* ModelData.swift */ = {isa = PBXFileReference; lastKnownFileType = sourcecode.swift; path = ModelData.swift; sourceTree = "<group>"; };
		4A9FBB0A287DFF0E00672B4A /* LandmarkRow.swift */ = {isa = PBXFileReference; lastKnownFileType = sourcecode.swift; path = LandmarkRow.swift; sourceTree = "<group>"; };
		4A9FBB0C287E006500672B4A /* LandmarkList.swift */ = {isa = PBXFileReference; lastKnownFileType = sourcecode.swift; path = LandmarkList.swift; sourceTree = "<group>"; };
		4A9FBB0E287E01D100672B4A /* LandmarkDetail.swift */ = {isa = PBXFileReference; lastKnownFileType = sourcecode.swift; path = LandmarkDetail.swift; sourceTree = "<group>"; };
		4A9FBB10287E0FBA00672B4A /* FavoriteButton.swift */ = {isa = PBXFileReference; lastKnownFileType = sourcecode.swift; path = FavoriteButton.swift; sourceTree = "<group>"; };
		4AEB855128809A5E006F667E /* HexagonParameters.swift */ = {isa = PBXFileReference; lastKnownFileType = sourcecode.swift; path = HexagonParameters.swift; sourceTree = "<group>"; };
		4AEB855328809E17006F667E /* BadgeBackground.swift */ = {isa = PBXFileReference; lastKnownFileType = sourcecode.swift; path = BadgeBackground.swift; sourceTree = "<group>"; };
		4AEB85552880A1DB006F667E /* BadgeSymbol.swift */ = {isa = PBXFileReference; lastKnownFileType = sourcecode.swift; path = BadgeSymbol.swift; sourceTree = "<group>"; };
		4AEB85572880A37E006F667E /* RotatedBadgeSymbol.swift */ = {isa = PBXFileReference; lastKnownFileType = sourcecode.swift; path = RotatedBadgeSymbol.swift; sourceTree = "<group>"; };
		4AEB85592880A3F6006F667E /* Badge.swift */ = {isa = PBXFileReference; lastKnownFileType = sourcecode.swift; path = Badge.swift; sourceTree = "<group>"; };
/* End PBXFileReference section */

/* Begin PBXFrameworksBuildPhase section */
		4A9FBAE9287DE66400672B4A /* Frameworks */ = {
			isa = PBXFrameworksBuildPhase;
			buildActionMask = 2147483647;
			files = (
			);
			runOnlyForDeploymentPostprocessing = 0;
		};
/* End PBXFrameworksBuildPhase section */

/* Begin PBXGroup section */
		4A9FBAE3287DE66400672B4A = {
			isa = PBXGroup;
			children = (
				4A9FBAEE287DE66400672B4A /* Landmarks */,
				4A9FBAED287DE66400672B4A /* Products */,
			);
			sourceTree = "<group>";
		};
		4A9FBAED287DE66400672B4A /* Products */ = {
			isa = PBXGroup;
			children = (
				4A9FBAEC287DE66400672B4A /* Landmarks.app */,
			);
			name = Products;
			sourceTree = "<group>";
		};
		4A9FBAEE287DE66400672B4A /* Landmarks */ = {
			isa = PBXGroup;
			children = (
				4A9FBB12287E10D300672B4A /* Helpers */,
				4A9FBB09287DFAEE00672B4A /* Resources */,
				4A9FBB08287DFAE700672B4A /* Models */,
				4A9FBB07287DFADB00672B4A /* Views */,
				4A9FBAEF287DE66400672B4A /* LandmarksApp.swift */,
				4A9FBAF3287DE66700672B4A /* Assets.xcassets */,
				4A9FBAF5287DE66700672B4A /* Preview Content */,
			);
			path = Landmarks;
			sourceTree = "<group>";
		};
		4A9FBAF5287DE66700672B4A /* Preview Content */ = {
			isa = PBXGroup;
			children = (
				4A9FBAF6287DE66700672B4A /* Preview Assets.xcassets */,
			);
			path = "Preview Content";
			sourceTree = "<group>";
		};
		4A9FBB07287DFADB00672B4A /* Views */ = {
			isa = PBXGroup;
			children = (
				4A9FBAF1287DE66400672B4A /* ContentView.swift */,
				4A9FBB0A287DFF0E00672B4A /* LandmarkRow.swift */,
				4A9FBB0C287E006500672B4A /* LandmarkList.swift */,
				4A9FBB0E287E01D100672B4A /* LandmarkDetail.swift */,
				4AEB855B2880A4C3006F667E /* Badges */,
			);
			path = Views;
			sourceTree = "<group>";
		};
		4A9FBB08287DFAE700672B4A /* Models */ = {
			isa = PBXGroup;
			children = (
				4A9FBB03287DF95200672B4A /* Landmark.swift */,
				4A9FBB05287DFA4A00672B4A /* ModelData.swift */,
			);
			path = Models;
			sourceTree = "<group>";
		};
		4A9FBB09287DFAEE00672B4A /* Resources */ = {
			isa = PBXGroup;
			children = (
				4A9FBB01287DF93400672B4A /* landmarkData.json */,
			);
			path = Resources;
			sourceTree = "<group>";
		};
		4A9FBB12287E10D300672B4A /* Helpers */ = {
			isa = PBXGroup;
			children = (
				4A9FBB10287E0FBA00672B4A /* FavoriteButton.swift */,
				4A9FBAFF287DF3DD00672B4A /* MapView.swift */,
				4A9FBAFD287DF0A200672B4A /* CircleImage.swift */,
			);
			path = Helpers;
			sourceTree = "<group>";
		};
		4AEB855B2880A4C3006F667E /* Badges */ = {
			isa = PBXGroup;
			children = (
				4AEB855128809A5E006F667E /* HexagonParameters.swift */,
				4AEB855328809E17006F667E /* BadgeBackground.swift */,
				4AEB85552880A1DB006F667E /* BadgeSymbol.swift */,
				4AEB85572880A37E006F667E /* RotatedBadgeSymbol.swift */,
				4AEB85592880A3F6006F667E /* Badge.swift */,
			);
			path = Badges;
			sourceTree = "<group>";
		};
/* End PBXGroup section */

/* Begin PBXNativeTarget section */
		4A9FBAEB287DE66400672B4A /* Landmarks */ = {
			isa = PBXNativeTarget;
			buildConfigurationList = 4A9FBAFA287DE66700672B4A /* Build configuration list for PBXNativeTarget "Landmarks" */;
			buildPhases = (
				4A9FBAE8287DE66400672B4A /* Sources */,
				4A9FBAE9287DE66400672B4A /* Frameworks */,
				4A9FBAEA287DE66400672B4A /* Resources */,
			);
			buildRules = (
			);
			dependencies = (
			);
			name = Landmarks;
			productName = Landmarks;
			productReference = 4A9FBAEC287DE66400672B4A /* Landmarks.app */;
			productType = "com.apple.product-type.application";
		};
/* End PBXNativeTarget section */

/* Begin PBXProject section */
		4A9FBAE4287DE66400672B4A /* Project object */ = {
			isa = PBXProject;
			attributes = {
				BuildIndependentTargetsInParallel = 1;
				LastSwiftUpdateCheck = 1320;
				LastUpgradeCheck = 1320;
				TargetAttributes = {
					4A9FBAEB287DE66400672B4A = {
						CreatedOnToolsVersion = 13.2.1;
					};
				};
			};
			buildConfigurationList = 4A9FBAE7287DE66400672B4A /* Build configuration list for PBXProject "Landmarks" */;
			compatibilityVersion = "Xcode 13.0";
			developmentRegion = en;
			hasScannedForEncodings = 0;
			knownRegions = (
				en,
				Base,
			);
			mainGroup = 4A9FBAE3287DE66400672B4A;
			productRefGroup = 4A9FBAED287DE66400672B4A /* Products */;
			projectDirPath = "";
			projectRoot = "";
			targets = (
				4A9FBAEB287DE66400672B4A /* Landmarks */,
			);
		};
/* End PBXProject section */

/* Begin PBXResourcesBuildPhase section */
		4A9FBAEA287DE66400672B4A /* Resources */ = {
			isa = PBXResourcesBuildPhase;
			buildActionMask = 2147483647;
			files = (
				4A9FBAF7287DE66700672B4A /* Preview Assets.xcassets in Resources */,
				4A9FBAF4287DE66700672B4A /* Assets.xcassets in Resources */,
				4A9FBB02287DF93400672B4A /* landmarkData.json in Resources */,
			);
			runOnlyForDeploymentPostprocessing = 0;
		};
/* End PBXResourcesBuildPhase section */

/* Begin PBXSourcesBuildPhase section */
		4A9FBAE8287DE66400672B4A /* Sources */ = {
			isa = PBXSourcesBuildPhase;
			buildActionMask = 2147483647;
			files = (
				4A9FBAF2287DE66400672B4A /* ContentView.swift in Sources */,
				4AEB855A2880A3F6006F667E /* Badge.swift in Sources */,
				4A9FBB00287DF3DE00672B4A /* MapView.swift in Sources */,
				4A9FBAF0287DE66400672B4A /* LandmarksApp.swift in Sources */,
				4A9FBB11287E0FBA00672B4A /* FavoriteButton.swift in Sources */,
				4AEB855228809A5E006F667E /* HexagonParameters.swift in Sources */,
				4AEB85582880A37E006F667E /* RotatedBadgeSymbol.swift in Sources */,
				4AEB85562880A1DB006F667E /* BadgeSymbol.swift in Sources */,
				4A9FBB0D287E006500672B4A /* LandmarkList.swift in Sources */,
				4A9FBB0F287E01D100672B4A /* LandmarkDetail.swift in Sources */,
				4AEB855428809E17006F667E /* BadgeBackground.swift in Sources */,
				4A9FBAFE287DF0A200672B4A /* CircleImage.swift in Sources */,
				4A9FBB04287DF95200672B4A /* Landmark.swift in Sources */,
				4A9FBB0B287DFF0E00672B4A /* LandmarkRow.swift in Sources */,
				4A9FBB06287DFA4A00672B4A /* ModelData.swift in Sources */,
			);
			runOnlyForDeploymentPostprocessing = 0;
		};
/* End PBXSourcesBuildPhase section */

/* Begin XCBuildConfiguration section */
		4A9FBAF8287DE66700672B4A /* Debug */ = {
			isa = XCBuildConfiguration;
			buildSettings = {
				ALWAYS_SEARCH_USER_PATHS = NO;
				CLANG_ANALYZER_NONNULL = YES;
				CLANG_ANALYZER_NUMBER_OBJECT_CONVERSION = YES_AGGRESSIVE;
				CLANG_CXX_LANGUAGE_STANDARD = "gnu++17";
				CLANG_CXX_LIBRARY = "libc++";
				CLANG_ENABLE_MODULES = YES;
				CLANG_ENABLE_OBJC_ARC = YES;
				CLANG_ENABLE_OBJC_WEAK = YES;
				CLANG_WARN_BLOCK_CAPTURE_AUTORELEASING = YES;
				CLANG_WARN_BOOL_CONVERSION = YES;
				CLANG_WARN_COMMA = YES;
				CLANG_WARN_CONSTANT_CONVERSION = YES;
				CLANG_WARN_DEPRECATED_OBJC_IMPLEMENTATIONS = YES;
				CLANG_WARN_DIRECT_OBJC_ISA_USAGE = YES_ERROR;
				CLANG_WARN_DOCUMENTATION_COMMENTS = YES;
				CLANG_WARN_EMPTY_BODY = YES;
				CLANG_WARN_ENUM_CONVERSION = YES;
				CLANG_WARN_INFINITE_RECURSION = YES;
				CLANG_WARN_INT_CONVERSION = YES;
				CLANG_WARN_NON_LITERAL_NULL_CONVERSION = YES;
				CLANG_WARN_OBJC_IMPLICIT_RETAIN_SELF = YES;
				CLANG_WARN_OBJC_LITERAL_CONVERSION = YES;
				CLANG_WARN_OBJC_ROOT_CLASS = YES_ERROR;
				CLANG_WARN_QUOTED_INCLUDE_IN_FRAMEWORK_HEADER = YES;
				CLANG_WARN_RANGE_LOOP_ANALYSIS = YES;
				CLANG_WARN_STRICT_PROTOTYPES = YES;
				CLANG_WARN_SUSPICIOUS_MOVE = YES;
				CLANG_WARN_UNGUARDED_AVAILABILITY = YES_AGGRESSIVE;
				CLANG_WARN_UNREACHABLE_CODE = YES;
				CLANG_WARN__DUPLICATE_METHOD_MATCH = YES;
				COPY_PHASE_STRIP = NO;
				DEBUG_INFORMATION_FORMAT = dwarf;
				ENABLE_STRICT_OBJC_MSGSEND = YES;
				ENABLE_TESTABILITY = YES;
				GCC_C_LANGUAGE_STANDARD = gnu11;
				GCC_DYNAMIC_NO_PIC = NO;
				GCC_NO_COMMON_BLOCKS = YES;
				GCC_OPTIMIZATION_LEVEL = 0;
				GCC_PREPROCESSOR_DEFINITIONS = (
					"DEBUG=1",
					"$(inherited)",
				);
				GCC_WARN_64_TO_32_BIT_CONVERSION = YES;
				GCC_WARN_ABOUT_RETURN_TYPE = YES_ERROR;
				GCC_WARN_UNDECLARED_SELECTOR = YES;
				GCC_WARN_UNINITIALIZED_AUTOS = YES_AGGRESSIVE;
				GCC_WARN_UNUSED_FUNCTION = YES;
				GCC_WARN_UNUSED_VARIABLE = YES;
				IPHONEOS_DEPLOYMENT_TARGET = 15.2;
				MTL_ENABLE_DEBUG_INFO = INCLUDE_SOURCE;
				MTL_FAST_MATH = YES;
				ONLY_ACTIVE_ARCH = YES;
				SDKROOT = iphoneos;
				SWIFT_ACTIVE_COMPILATION_CONDITIONS = DEBUG;
				SWIFT_OPTIMIZATION_LEVEL = "-Onone";
			};
			name = Debug;
		};
		4A9FBAF9287DE66700672B4A /* Release */ = {
			isa = XCBuildConfiguration;
			buildSettings = {
				ALWAYS_SEARCH_USER_PATHS = NO;
				CLANG_ANALYZER_NONNULL = YES;
				CLANG_ANALYZER_NUMBER_OBJECT_CONVERSION = YES_AGGRESSIVE;
				CLANG_CXX_LANGUAGE_STANDARD = "gnu++17";
				CLANG_CXX_LIBRARY = "libc++";
				CLANG_ENABLE_MODULES = YES;
				CLANG_ENABLE_OBJC_ARC = YES;
				CLANG_ENABLE_OBJC_WEAK = YES;
				CLANG_WARN_BLOCK_CAPTURE_AUTORELEASING = YES;
				CLANG_WARN_BOOL_CONVERSION = YES;
				CLANG_WARN_COMMA = YES;
				CLANG_WARN_CONSTANT_CONVERSION = YES;
				CLANG_WARN_DEPRECATED_OBJC_IMPLEMENTATIONS = YES;
				CLANG_WARN_DIRECT_OBJC_ISA_USAGE = YES_ERROR;
				CLANG_WARN_DOCUMENTATION_COMMENTS = YES;
				CLANG_WARN_EMPTY_BODY = YES;
				CLANG_WARN_ENUM_CONVERSION = YES;
				CLANG_WARN_INFINITE_RECURSION = YES;
				CLANG_WARN_INT_CONVERSION = YES;
				CLANG_WARN_NON_LITERAL_NULL_CONVERSION = YES;
				CLANG_WARN_OBJC_IMPLICIT_RETAIN_SELF = YES;
				CLANG_WARN_OBJC_LITERAL_CONVERSION = YES;
				CLANG_WARN_OBJC_ROOT_CLASS = YES_ERROR;
				CLANG_WARN_QUOTED_INCLUDE_IN_FRAMEWORK_HEADER = YES;
				CLANG_WARN_RANGE_LOOP_ANALYSIS = YES;
				CLANG_WARN_STRICT_PROTOTYPES = YES;
				CLANG_WARN_SUSPICIOUS_MOVE = YES;
				CLANG_WARN_UNGUARDED_AVAILABILITY = YES_AGGRESSIVE;
				CLANG_WARN_UNREACHABLE_CODE = YES;
				CLANG_WARN__DUPLICATE_METHOD_MATCH = YES;
				COPY_PHASE_STRIP = NO;
				DEBUG_INFORMATION_FORMAT = "dwarf-with-dsym";
				ENABLE_NS_ASSERTIONS = NO;
				ENABLE_STRICT_OBJC_MSGSEND = YES;
				GCC_C_LANGUAGE_STANDARD = gnu11;
				GCC_NO_COMMON_BLOCKS = YES;
				GCC_WARN_64_TO_32_BIT_CONVERSION = YES;
				GCC_WARN_ABOUT_RETURN_TYPE = YES_ERROR;
				GCC_WARN_UNDECLARED_SELECTOR = YES;
				GCC_WARN_UNINITIALIZED_AUTOS = YES_AGGRESSIVE;
				GCC_WARN_UNUSED_FUNCTION = YES;
				GCC_WARN_UNUSED_VARIABLE = YES;
				IPHONEOS_DEPLOYMENT_TARGET = 15.2;
				MTL_ENABLE_DEBUG_INFO = NO;
				MTL_FAST_MATH = YES;
				SDKROOT = iphoneos;
				SWIFT_COMPILATION_MODE = wholemodule;
				SWIFT_OPTIMIZATION_LEVEL = "-O";
				VALIDATE_PRODUCT = YES;
			};
			name = Release;
		};
		4A9FBAFB287DE66700672B4A /* Debug */ = {
			isa = XCBuildConfiguration;
			buildSettings = {
				ASSETCATALOG_COMPILER_APPICON_NAME = AppIcon;
				ASSETCATALOG_COMPILER_GLOBAL_ACCENT_COLOR_NAME = AccentColor;
				CODE_SIGN_STYLE = Automatic;
				CURRENT_PROJECT_VERSION = 1;
				DEVELOPMENT_ASSET_PATHS = "\"Landmarks/Preview Content\"";
				DEVELOPMENT_TEAM = 9X4J8NJPXY;
				ENABLE_PREVIEWS = YES;
				GENERATE_INFOPLIST_FILE = YES;
				INFOPLIST_KEY_UIApplicationSceneManifest_Generation = YES;
				INFOPLIST_KEY_UIApplicationSupportsIndirectInputEvents = YES;
				INFOPLIST_KEY_UILaunchScreen_Generation = YES;
				INFOPLIST_KEY_UISupportedInterfaceOrientations_iPad = "UIInterfaceOrientationPortrait UIInterfaceOrientationPortraitUpsideDown UIInterfaceOrientationLandscapeLeft UIInterfaceOrientationLandscapeRight";
				INFOPLIST_KEY_UISupportedInterfaceOrientations_iPhone = "UIInterfaceOrientationPortrait UIInterfaceOrientationLandscapeLeft UIInterfaceOrientationLandscapeRight";
				LD_RUNPATH_SEARCH_PATHS = (
					"$(inherited)",
					"@executable_path/Frameworks",
				);
				MARKETING_VERSION = 1.0;
				PRODUCT_BUNDLE_IDENTIFIER = com.eldes.Landmarks;
				PRODUCT_NAME = "$(TARGET_NAME)";
				SWIFT_EMIT_LOC_STRINGS = YES;
				SWIFT_VERSION = 5.0;
				TARGETED_DEVICE_FAMILY = "1,2";
			};
			name = Debug;
		};
		4A9FBAFC287DE66700672B4A /* Release */ = {
			isa = XCBuildConfiguration;
			buildSettings = {
				ASSETCATALOG_COMPILER_APPICON_NAME = AppIcon;
				ASSETCATALOG_COMPILER_GLOBAL_ACCENT_COLOR_NAME = AccentColor;
				CODE_SIGN_STYLE = Automatic;
				CURRENT_PROJECT_VERSION = 1;
				DEVELOPMENT_ASSET_PATHS = "\"Landmarks/Preview Content\"";
				DEVELOPMENT_TEAM = 9X4J8NJPXY;
				ENABLE_PREVIEWS = YES;
				GENERATE_INFOPLIST_FILE = YES;
				INFOPLIST_KEY_UIApplicationSceneManifest_Generation = YES;
				INFOPLIST_KEY_UIApplicationSupportsIndirectInputEvents = YES;
				INFOPLIST_KEY_UILaunchScreen_Generation = YES;
				INFOPLIST_KEY_UISupportedInterfaceOrientations_iPad = "UIInterfaceOrientationPortrait UIInterfaceOrientationPortraitUpsideDown UIInterfaceOrientationLandscapeLeft UIInterfaceOrientationLandscapeRight";
				INFOPLIST_KEY_UISupportedInterfaceOrientations_iPhone = "UIInterfaceOrientationPortrait UIInterfaceOrientationLandscapeLeft UIInterfaceOrientationLandscapeRight";
				LD_RUNPATH_SEARCH_PATHS = (
					"$(inherited)",
					"@executable_path/Frameworks",
				);
				MARKETING_VERSION = 1.0;
				PRODUCT_BUNDLE_IDENTIFIER = com.eldes.Landmarks;
				PRODUCT_NAME = "$(TARGET_NAME)";
				SWIFT_EMIT_LOC_STRINGS = YES;
				SWIFT_VERSION = 5.0;
				TARGETED_DEVICE_FAMILY = "1,2";
			};
			name = Release;
		};
/* End XCBuildConfiguration section */

/* Begin XCConfigurationList section */
		4A9FBAE7287DE66400672B4A /* Build configuration list for PBXProject "Landmarks" */ = {
			isa = XCConfigurationList;
			buildConfigurations = (
				4A9FBAF8287DE66700672B4A /* Debug */,
				4A9FBAF9287DE66700672B4A /* Release */,
			);
			defaultConfigurationIsVisible = 0;
			defaultConfigurationName = Release;
		};
		4A9FBAFA287DE66700672B4A /* Build configuration list for PBXNativeTarget "Landmarks" */ = {
			isa = XCConfigurationList;
			buildConfigurations = (
				4A9FBAFB287DE66700672B4A /* Debug */,
				4A9FBAFC287DE66700672B4A /* Release */,
			);
			defaultConfigurationIsVisible = 0;
			defaultConfigurationName = Release;
		};
/* End XCConfigurationList section */
	};
	rootObject = 4A9FBAE4287DE66400672B4A /* Project object */;
}
